{
    "name": "u3d-particle-ado",
    "version": "0.0.1",
    "lockfileVersion": 1,
    "requires": true,
    "dependencies": {
        "yaml": {
            "version": "2.0.0-7",
            "resolved": "https://registry.nlark.com/yaml/download/yaml-2.0.0-7.tgz",
            "integrity": "sha1-l5nZ2F38jwHkzEJeGOCSFTZL7vE="
        }
    }
}
